Microsoft Visual Studio Solution File, Format Version 11.00
# Visual Studio 2008

Project("{EC3E3B80-4ECD-7C35-4720-9D774D3D1692}") = "Demo 2 The Golden Screech", "Assembly-CSharp-firstpass.csproj", "{FE4EABA9-E3B9-DC6F-9382-C9BEC9CB174E}"
EndProject
Project("{EC3E3B80-4ECD-7C35-4720-9D774D3D1692}") = "Demo 2 The Golden Screech", "Assembly-CSharp.csproj", "{E80AD0AC-CFBD-8A78-61FF-1BF0D8A22133}"
EndProject
Project("{EC3E3B80-4ECD-7C35-4720-9D774D3D1692}") = "Demo 2 The Golden Screech", "Assembly-CSharp-Editor-firstpass.csproj", "{C09DD8EE-ADDB-3354-8C33-0ADDBE766C8D}"
EndProject
Project("{EC3E3B80-4ECD-7C35-4720-9D774D3D1692}") = "Demo 2 The Golden Screech", "Assembly-CSharp-Editor.csproj", "{423747C6-26CE-FE75-1D06-BC7EF509D62C}"
EndProject
Global
	GlobalSection(SolutionConfigurationPlatforms) = preSolution
		Debug|Any CPU = Debug|Any CPU
		Release|Any CPU = Release|Any CPU
	EndGlobalSection
	GlobalSection(ProjectConfigurationPlatforms) = postSolution
		{FE4EABA9-E3B9-DC6F-9382-C9BEC9CB174E}.Debug|Any CPU.ActiveCfg = Debug|Any CPU
		{FE4EABA9-E3B9-DC6F-9382-C9BEC9CB174E}.Debug|Any CPU.Build.0 = Debug|Any CPU
		{FE4EABA9-E3B9-DC6F-9382-C9BEC9CB174E}.Release|Any CPU.ActiveCfg = Release|Any CPU
		{FE4EABA9-E3B9-DC6F-9382-C9BEC9CB174E}.Release|Any CPU.Build.0 = Release|Any CPU
		{E80AD0AC-CFBD-8A78-61FF-1BF0D8A22133}.Debug|Any CPU.ActiveCfg = Debug|Any CPU
		{E80AD0AC-CFBD-8A78-61FF-1BF0D8A22133}.Debug|Any CPU.Build.0 = Debug|Any CPU
		{E80AD0AC-CFBD-8A78-61FF-1BF0D8A22133}.Release|Any CPU.ActiveCfg = Release|Any CPU
		{E80AD0AC-CFBD-8A78-61FF-1BF0D8A22133}.Release|Any CPU.Build.0 = Release|Any CPU
		{C09DD8EE-ADDB-3354-8C33-0ADDBE766C8D}.Debug|Any CPU.ActiveCfg = Debug|Any CPU
		{C09DD8EE-ADDB-3354-8C33-0ADDBE766C8D}.Debug|Any CPU.Build.0 = Debug|Any CPU
		{C09DD8EE-ADDB-3354-8C33-0ADDBE766C8D}.Release|Any CPU.ActiveCfg = Release|Any CPU
		{C09DD8EE-ADDB-3354-8C33-0ADDBE766C8D}.Release|Any CPU.Build.0 = Release|Any CPU
		{423747C6-26CE-FE75-1D06-BC7EF509D62C}.Debug|Any CPU.ActiveCfg = Debug|Any CPU
		{423747C6-26CE-FE75-1D06-BC7EF509D62C}.Debug|Any CPU.Build.0 = Debug|Any CPU
		{423747C6-26CE-FE75-1D06-BC7EF509D62C}.Release|Any CPU.ActiveCfg = Release|Any CPU
		{423747C6-26CE-FE75-1D06-BC7EF509D62C}.Release|Any CPU.Build.0 = Release|Any CPU
	EndGlobalSection
	GlobalSection(SolutionProperties) = preSolution
		HideSolutionNode = FALSE
	EndGlobalSection
																																																																																																																																																																																																																																					GlobalSection(MonoDevelopProperties) = preSolution
		StartupItem = Assembly-CSharp.csproj
		Policies = $0
		$0.TextStylePolicy = $1
		$1.inheritsSet = null
		$1.scope = text/x-csharp
		$0.CSharpFormattingPolicy = $2
		$2.inheritsSet = Mono
		$2.inheritsScope = text/x-csharp
		$2.scope = text/x-csharp
		$0.TextStylePolicy = $3
		$3.FileWidth = 120
		$3.TabWidth = 4
		$3.IndentWidth = 4
		$3.EolMarker = Unix
		$3.inheritsSet = Mono
		$3.inheritsScope = text/plain
		$3.scope = text/plain
	EndGlobalSection

EndGlobal
